
Microsoft Visual Studio Solution File, Format Version 12.00
# Visual Studio 15
VisualStudioVersion = 15.0.28307.421
MinimumVisualStudioVersion = 10.0.40219.1
Project("{FAE04EC0-301F-11D3-BF4B-00C04F79EFBC}") = "DIGICODE.Android", "DIGICODE\DIGICODE.Android\DIGICODE.Android.csproj", "{24CE3C36-16B9-426D-AA0C-5961ECF8D88C}"
EndProject
Project("{FAE04EC0-301F-11D3-BF4B-00C04F79EFBC}") = "DIGICODE.iOS", "DIGICODE\DIGICODE.iOS\DIGICODE.iOS.csproj", "{AB598970-AB1F-40E9-9351-C2A868107639}"
EndProject
Project("{FAE04EC0-301F-11D3-BF4B-00C04F79EFBC}") = "DIGICODE.UWP", "DIGICODE\DIGICODE.UWP\DIGICODE.UWP.csproj", "{41748A46-60EB-4E7F-8DEE-84803F8A1085}"
EndProject
Project("{FAE04EC0-301F-11D3-BF4B-00C04F79EFBC}") = "DIGICODE", "DIGICODE\DIGICODE\DIGICODE.csproj", "{E8651864-D97E-49DE-8422-73B0AFB8E1BB}"
EndProject
Global
	GlobalSection(SolutionConfigurationPlatforms) = preSolution
		Debug|Any CPU = Debug|Any CPU
		Debug|ARM = Debug|ARM
		Debug|iPhone = Debug|iPhone
		Debug|iPhoneSimulator = Debug|iPhoneSimulator
		Debug|x64 = Debug|x64
		Debug|x86 = Debug|x86
		Release|Any CPU = Release|Any CPU
		Release|ARM = Release|ARM
		Release|iPhone = Release|iPhone
		Release|iPhoneSimulator = Release|iPhoneSimulator
		Release|x64 = Release|x64
		Release|x86 = Release|x86
	EndGlobalSection
	GlobalSection(ProjectConfigurationPlatforms) = postSolution
		{24CE3C36-16B9-426D-AA0C-5961ECF8D88C}.Debug|Any CPU.ActiveCfg = Debug|Any CPU
		{24CE3C36-16B9-426D-AA0C-5961ECF8D88C}.Debug|Any CPU.Build.0 = Debug|Any CPU
		{24CE3C36-16B9-426D-AA0C-5961ECF8D88C}.Debug|Any CPU.Deploy.0 = Debug|Any CPU
		{24CE3C36-16B9-426D-AA0C-5961ECF8D88C}.Debug|ARM.ActiveCfg = Debug|Any CPU
		{24CE3C36-16B9-426D-AA0C-5961ECF8D88C}.Debug|ARM.Build.0 = Debug|Any CPU
		{24CE3C36-16B9-426D-AA0C-5961ECF8D88C}.Debug|ARM.Deploy.0 = Debug|Any CPU
		{24CE3C36-16B9-426D-AA0C-5961ECF8D88C}.Debug|iPhone.ActiveCfg = Debug|Any CPU
		{24CE3C36-16B9-426D-AA0C-5961ECF8D88C}.Debug|iPhone.Build.0 = Debug|Any CPU
		{24CE3C36-16B9-426D-AA0C-5961ECF8D88C}.Debug|iPhone.Deploy.0 = Debug|Any CPU
		{24CE3C36-16B9-426D-AA0C-5961ECF8D88C}.Debug|iPhoneSimulator.ActiveCfg = Debug|Any CPU
		{24CE3C36-16B9-426D-AA0C-5961ECF8D88C}.Debug|iPhoneSimulator.Build.0 = Debug|Any CPU
		{24CE3C36-16B9-426D-AA0C-5961ECF8D88C}.Debug|iPhoneSimulator.Deploy.0 = Debug|Any CPU
		{24CE3C36-16B9-426D-AA0C-5961ECF8D88C}.Debug|x64.ActiveCfg = Debug|Any CPU
		{24CE3C36-16B9-426D-AA0C-5961ECF8D88C}.Debug|x64.Build.0 = Debug|Any CPU
		{24CE3C36-16B9-426D-AA0C-5961ECF8D88C}.Debug|x64.Deploy.0 = Debug|Any CPU
		{24CE3C36-16B9-426D-AA0C-5961ECF8D88C}.Debug|x86.ActiveCfg = Debug|Any CPU
		{24CE3C36-16B9-426D-AA0C-5961ECF8D88C}.Debug|x86.Build.0 = Debug|Any CPU
		{24CE3C36-16B9-426D-AA0C-5961ECF8D88C}.Debug|x86.Deploy.0 = Debug|Any CPU
		{24CE3C36-16B9-426D-AA0C-5961ECF8D88C}.Release|Any CPU.ActiveCfg = Release|Any CPU
		{24CE3C36-16B9-426D-AA0C-5961ECF8D88C}.Release|Any CPU.Build.0 = Release|Any CPU
		{24CE3C36-16B9-426D-AA0C-5961ECF8D88C}.Release|Any CPU.Deploy.0 = Release|Any CPU
		{24CE3C36-16B9-426D-AA0C-5961ECF8D88C}.Release|ARM.ActiveCfg = Release|Any CPU
		{24CE3C36-16B9-426D-AA0C-5961ECF8D88C}.Release|ARM.Build.0 = Release|Any CPU
		{24CE3C36-16B9-426D-AA0C-5961ECF8D88C}.Release|ARM.Deploy.0 = Release|Any CPU
		{24CE3C36-16B9-426D-AA0C-5961ECF8D88C}.Release|iPhone.ActiveCfg = Release|Any CPU
		{24CE3C36-16B9-426D-AA0C-5961ECF8D88C}.Release|iPhone.Build.0 = Release|Any CPU
		{24CE3C36-16B9-426D-AA0C-5961ECF8D88C}.Release|iPhone.Deploy.0 = Release|Any CPU
		{24CE3C36-16B9-426D-AA0C-5961ECF8D88C}.Release|iPhoneSimulator.ActiveCfg = Release|Any CPU
		{24CE3C36-16B9-426D-AA0C-5961ECF8D88C}.Release|iPhoneSimulator.Build.0 = Release|Any CPU
		{24CE3C36-16B9-426D-AA0C-5961ECF8D88C}.Release|iPhoneSimulator.Deploy.0 = Release|Any CPU
		{24CE3C36-16B9-426D-AA0C-5961ECF8D88C}.Release|x64.ActiveCfg = Release|Any CPU
		{24CE3C36-16B9-426D-AA0C-5961ECF8D88C}.Release|x64.Build.0 = Release|Any CPU
		{24CE3C36-16B9-426D-AA0C-5961ECF8D88C}.Release|x64.Deploy.0 = Release|Any CPU
		{24CE3C36-16B9-426D-AA0C-5961ECF8D88C}.Release|x86.ActiveCfg = Release|Any CPU
		{24CE3C36-16B9-426D-AA0C-5961ECF8D88C}.Release|x86.Build.0 = Release|Any CPU
		{24CE3C36-16B9-426D-AA0C-5961ECF8D88C}.Release|x86.Deploy.0 = Release|Any CPU
		{AB598970-AB1F-40E9-9351-C2A868107639}.Debug|Any CPU.ActiveCfg = Debug|iPhoneSimulator
		{AB598970-AB1F-40E9-9351-C2A868107639}.Debug|Any CPU.Build.0 = Debug|iPhoneSimulator
		{AB598970-AB1F-40E9-9351-C2A868107639}.Debug|Any CPU.Deploy.0 = Debug|iPhoneSimulator
		{AB598970-AB1F-40E9-9351-C2A868107639}.Debug|ARM.ActiveCfg = Debug|iPhone
		{AB598970-AB1F-40E9-9351-C2A868107639}.Debug|ARM.Build.0 = Debug|iPhone
		{AB598970-AB1F-40E9-9351-C2A868107639}.Debug|ARM.Deploy.0 = Debug|iPhone
		{AB598970-AB1F-40E9-9351-C2A868107639}.Debug|iPhone.ActiveCfg = Debug|iPhone
		{AB598970-AB1F-40E9-9351-C2A868107639}.Debug|iPhone.Build.0 = Debug|iPhone
		{AB598970-AB1F-40E9-9351-C2A868107639}.Debug|iPhone.Deploy.0 = Debug|iPhone
		{AB598970-AB1F-40E9-9351-C2A868107639}.Debug|iPhoneSimulator.ActiveCfg = Debug|iPhoneSimulator
		{AB598970-AB1F-40E9-9351-C2A868107639}.Debug|iPhoneSimulator.Build.0 = Debug|iPhoneSimulator
		{AB598970-AB1F-40E9-9351-C2A868107639}.Debug|iPhoneSimulator.Deploy.0 = Debug|iPhoneSimulator
		{AB598970-AB1F-40E9-9351-C2A868107639}.Debug|x64.ActiveCfg = Debug|iPhone
		{AB598970-AB1F-40E9-9351-C2A868107639}.Debug|x64.Build.0 = Debug|iPhone
		{AB598970-AB1F-40E9-9351-C2A868107639}.Debug|x64.Deploy.0 = Debug|iPhone
		{AB598970-AB1F-40E9-9351-C2A868107639}.Debug|x86.ActiveCfg = Debug|iPhone
		{AB598970-AB1F-40E9-9351-C2A868107639}.Debug|x86.Build.0 = Debug|iPhone
		{AB598970-AB1F-40E9-9351-C2A868107639}.Debug|x86.Deploy.0 = Debug|iPhone
		{AB598970-AB1F-40E9-9351-C2A868107639}.Release|Any CPU.ActiveCfg = Release|iPhone
		{AB598970-AB1F-40E9-9351-C2A868107639}.Release|Any CPU.Build.0 = Release|iPhone
		{AB598970-AB1F-40E9-9351-C2A868107639}.Release|Any CPU.Deploy.0 = Release|iPhone
		{AB598970-AB1F-40E9-9351-C2A868107639}.Release|ARM.ActiveCfg = Release|iPhone
		{AB598970-AB1F-40E9-9351-C2A868107639}.Release|ARM.Build.0 = Release|iPhone
		{AB598970-AB1F-40E9-9351-C2A868107639}.Release|ARM.Deploy.0 = Release|iPhone
		{AB598970-AB1F-40E9-9351-C2A868107639}.Release|iPhone.ActiveCfg = Release|iPhone
		{AB598970-AB1F-40E9-9351-C2A868107639}.Release|iPhone.Build.0 = Release|iPhone
		{AB598970-AB1F-40E9-9351-C2A868107639}.Release|iPhone.Deploy.0 = Release|iPhone
		{AB598970-AB1F-40E9-9351-C2A868107639}.Release|iPhoneSimulator.ActiveCfg = Release|iPhoneSimulator
		{AB598970-AB1F-40E9-9351-C2A868107639}.Release|iPhoneSimulator.Build.0 = Release|iPhoneSimulator
		{AB598970-AB1F-40E9-9351-C2A868107639}.Release|iPhoneSimulator.Deploy.0 = Release|iPhoneSimulator
		{AB598970-AB1F-40E9-9351-C2A868107639}.Release|x64.ActiveCfg = Release|iPhone
		{AB598970-AB1F-40E9-9351-C2A868107639}.Release|x64.Build.0 = Release|iPhone
		{AB598970-AB1F-40E9-9351-C2A868107639}.Release|x64.Deploy.0 = Release|iPhone
		{AB598970-AB1F-40E9-9351-C2A868107639}.Release|x86.ActiveCfg = Release|iPhone
		{AB598970-AB1F-40E9-9351-C2A868107639}.Release|x86.Build.0 = Release|iPhone
		{AB598970-AB1F-40E9-9351-C2A868107639}.Release|x86.Deploy.0 = Release|iPhone
		{41748A46-60EB-4E7F-8DEE-84803F8A1085}.Debug|Any CPU.ActiveCfg = Debug|x86
		{41748A46-60EB-4E7F-8DEE-84803F8A1085}.Debug|Any CPU.Build.0 = Debug|x86
		{41748A46-60EB-4E7F-8DEE-84803F8A1085}.Debug|Any CPU.Deploy.0 = Debug|x86
		{41748A46-60EB-4E7F-8DEE-84803F8A1085}.Debug|ARM.ActiveCfg = Debug|ARM
		{41748A46-60EB-4E7F-8DEE-84803F8A1085}.Debug|ARM.Build.0 = Debug|ARM
		{41748A46-60EB-4E7F-8DEE-84803F8A1085}.Debug|ARM.Deploy.0 = Debug|ARM
		{41748A46-60EB-4E7F-8DEE-84803F8A1085}.Debug|iPhone.ActiveCfg = Debug|x86
		{41748A46-60EB-4E7F-8DEE-84803F8A1085}.Debug|iPhone.Build.0 = Debug|x86
		{41748A46-60EB-4E7F-8DEE-84803F8A1085}.Debug|iPhone.Deploy.0 = Debug|x86
		{41748A46-60EB-4E7F-8DEE-84803F8A1085}.Debug|iPhoneSimulator.ActiveCfg = Debug|x86
		{41748A46-60EB-4E7F-8DEE-84803F8A1085}.Debug|iPhoneSimulator.Build.0 = Debug|x86
		{41748A46-60EB-4E7F-8DEE-84803F8A1085}.Debug|iPhoneSimulator.Deploy.0 = Debug|x86
		{41748A46-60EB-4E7F-8DEE-84803F8A1085}.Debug|x64.ActiveCfg = Debug|x64
		{41748A46-60EB-4E7F-8DEE-84803F8A1085}.Debug|x64.Build.0 = Debug|x64
		{41748A46-60EB-4E7F-8DEE-84803F8A1085}.Debug|x64.Deploy.0 = Debug|x64
		{41748A46-60EB-4E7F-8DEE-84803F8A1085}.Debug|x86.ActiveCfg = Debug|x86
		{41748A46-60EB-4E7F-8DEE-84803F8A1085}.Debug|x86.Build.0 = Debug|x86
		{41748A46-60EB-4E7F-8DEE-84803F8A1085}.Debug|x86.Deploy.0 = Debug|x86
		{41748A46-60EB-4E7F-8DEE-84803F8A1085}.Release|Any CPU.ActiveCfg = Release|x86
		{41748A46-60EB-4E7F-8DEE-84803F8A1085}.Release|Any CPU.Build.0 = Release|x86
		{41748A46-60EB-4E7F-8DEE-84803F8A1085}.Release|Any CPU.Deploy.0 = Release|x86
		{41748A46-60EB-4E7F-8DEE-84803F8A1085}.Release|ARM.ActiveCfg = Release|ARM
		{41748A46-60EB-4E7F-8DEE-84803F8A1085}.Release|ARM.Build.0 = Release|ARM
		{41748A46-60EB-4E7F-8DEE-84803F8A1085}.Release|ARM.Deploy.0 = Release|ARM
		{41748A46-60EB-4E7F-8DEE-84803F8A1085}.Release|iPhone.ActiveCfg = Release|x86
		{41748A46-60EB-4E7F-8DEE-84803F8A1085}.Release|iPhone.Build.0 = Release|x86
		{41748A46-60EB-4E7F-8DEE-84803F8A1085}.Release|iPhone.Deploy.0 = Release|x86
		{41748A46-60EB-4E7F-8DEE-84803F8A1085}.Release|iPhoneSimulator.ActiveCfg = Release|x86
		{41748A46-60EB-4E7F-8DEE-84803F8A1085}.Release|iPhoneSimulator.Build.0 = Release|x86
		{41748A46-60EB-4E7F-8DEE-84803F8A1085}.Release|iPhoneSimulator.Deploy.0 = Release|x86
		{41748A46-60EB-4E7F-8DEE-84803F8A1085}.Release|x64.ActiveCfg = Release|x64
		{41748A46-60EB-4E7F-8DEE-84803F8A1085}.Release|x64.Build.0 = Release|x64
		{41748A46-60EB-4E7F-8DEE-84803F8A1085}.Release|x64.Deploy.0 = Release|x64
		{41748A46-60EB-4E7F-8DEE-84803F8A1085}.Release|x86.ActiveCfg = Release|x86
		{41748A46-60EB-4E7F-8DEE-84803F8A1085}.Release|x86.Build.0 = Release|x86
		{41748A46-60EB-4E7F-8DEE-84803F8A1085}.Release|x86.Deploy.0 = Release|x86
		{E8651864-D97E-49DE-8422-73B0AFB8E1BB}.Debug|Any CPU.ActiveCfg = Debug|Any CPU
		{E8651864-D97E-49DE-8422-73B0AFB8E1BB}.Debug|Any CPU.Build.0 = Debug|Any CPU
		{E8651864-D97E-49DE-8422-73B0AFB8E1BB}.Debug|Any CPU.Deploy.0 = Debug|Any CPU
		{E8651864-D97E-49DE-8422-73B0AFB8E1BB}.Debug|ARM.ActiveCfg = Debug|Any CPU
		{E8651864-D97E-49DE-8422-73B0AFB8E1BB}.Debug|ARM.Build.0 = Debug|Any CPU
		{E8651864-D97E-49DE-8422-73B0AFB8E1BB}.Debug|ARM.Deploy.0 = Debug|Any CPU
		{E8651864-D97E-49DE-8422-73B0AFB8E1BB}.Debug|iPhone.ActiveCfg = Debug|Any CPU
		{E8651864-D97E-49DE-8422-73B0AFB8E1BB}.Debug|iPhone.Build.0 = Debug|Any CPU
		{E8651864-D97E-49DE-8422-73B0AFB8E1BB}.Debug|iPhone.Deploy.0 = Debug|Any CPU
		{E8651864-D97E-49DE-8422-73B0AFB8E1BB}.Debug|iPhoneSimulator.ActiveCfg = Debug|Any CPU
		{E8651864-D97E-49DE-8422-73B0AFB8E1BB}.Debug|iPhoneSimulator.Build.0 = Debug|Any CPU
		{E8651864-D97E-49DE-8422-73B0AFB8E1BB}.Debug|iPhoneSimulator.Deploy.0 = Debug|Any CPU
		{E8651864-D97E-49DE-8422-73B0AFB8E1BB}.Debug|x64.ActiveCfg = Debug|Any CPU
		{E8651864-D97E-49DE-8422-73B0AFB8E1BB}.Debug|x64.Build.0 = Debug|Any CPU
		{E8651864-D97E-49DE-8422-73B0AFB8E1BB}.Debug|x64.Deploy.0 = Debug|Any CPU
		{E8651864-D97E-49DE-8422-73B0AFB8E1BB}.Debug|x86.ActiveCfg = Debug|Any CPU
		{E8651864-D97E-49DE-8422-73B0AFB8E1BB}.Debug|x86.Build.0 = Debug|Any CPU
		{E8651864-D97E-49DE-8422-73B0AFB8E1BB}.Debug|x86.Deploy.0 = Debug|Any CPU
		{E8651864-D97E-49DE-8422-73B0AFB8E1BB}.Release|Any CPU.ActiveCfg = Release|Any CPU
		{E8651864-D97E-49DE-8422-73B0AFB8E1BB}.Release|Any CPU.Build.0 = Release|Any CPU
		{E8651864-D97E-49DE-8422-73B0AFB8E1BB}.Release|Any CPU.Deploy.0 = Release|Any CPU
		{E8651864-D97E-49DE-8422-73B0AFB8E1BB}.Release|ARM.ActiveCfg = Release|Any CPU
		{E8651864-D97E-49DE-8422-73B0AFB8E1BB}.Release|ARM.Build.0 = Release|Any CPU
		{E8651864-D97E-49DE-8422-73B0AFB8E1BB}.Release|ARM.Deploy.0 = Release|Any CPU
		{E8651864-D97E-49DE-8422-73B0AFB8E1BB}.Release|iPhone.ActiveCfg = Release|Any CPU
		{E8651864-D97E-49DE-8422-73B0AFB8E1BB}.Release|iPhone.Build.0 = Release|Any CPU
		{E8651864-D97E-49DE-8422-73B0AFB8E1BB}.Release|iPhone.Deploy.0 = Release|Any CPU
		{E8651864-D97E-49DE-8422-73B0AFB8E1BB}.Release|iPhoneSimulator.ActiveCfg = Release|Any CPU
		{E8651864-D97E-49DE-8422-73B0AFB8E1BB}.Release|iPhoneSimulator.Build.0 = Release|Any CPU
		{E8651864-D97E-49DE-8422-73B0AFB8E1BB}.Release|iPhoneSimulator.Deploy.0 = Release|Any CPU
		{E8651864-D97E-49DE-8422-73B0AFB8E1BB}.Release|x64.ActiveCfg = Release|Any CPU
		{E8651864-D97E-49DE-8422-73B0AFB8E1BB}.Release|x64.Build.0 = Release|Any CPU
		{E8651864-D97E-49DE-8422-73B0AFB8E1BB}.Release|x64.Deploy.0 = Release|Any CPU
		{E8651864-D97E-49DE-8422-73B0AFB8E1BB}.Release|x86.ActiveCfg = Release|Any CPU
		{E8651864-D97E-49DE-8422-73B0AFB8E1BB}.Release|x86.Build.0 = Release|Any CPU
		{E8651864-D97E-49DE-8422-73B0AFB8E1BB}.Release|x86.Deploy.0 = Release|Any CPU
	EndGlobalSection
	GlobalSection(SolutionProperties) = preSolution
		HideSolutionNode = FALSE
	EndGlobalSection
	GlobalSection(ExtensibilityGlobals) = postSolution
		SolutionGuid = {742C3266-8B69-4251-877D-9D0F1C601A88}
	EndGlobalSection
EndGlobal
